// !$*UTF8*$!
{
	archiveVersion = 1;
	classes = {
	};
	objectVersion = 46;
	objects = {

/* Begin PBXBuildFile section */
		5FD3FE17D6246BA756171195 /* libPods-LJMVVMToolDemo.a in Frameworks */ = {isa = PBXBuildFile; fileRef = 622D5D03FDF384264BD5BB75 /* libPods-LJMVVMToolDemo.a */; };
		AB201D821F6A57960088914B /* LJBaseNavigationService.m in Sources */ = {isa = PBXBuildFile; fileRef = AB201D751F6A57960088914B /* LJBaseNavigationService.m */; };
		AB201D831F6A57960088914B /* LJBaseViewController+LJMethod.m in Sources */ = {isa = PBXBuildFile; fileRef = AB201D771F6A57960088914B /* LJBaseViewController+LJMethod.m */; };
		AB201D841F6A57960088914B /* LJBaseViewController.m in Sources */ = {isa = PBXBuildFile; fileRef = AB201D791F6A57960088914B /* LJBaseViewController.m */; };
		AB201D851F6A57960088914B /* LJBaseViewModel+LJInitializeViewModel.m in Sources */ = {isa = PBXBuildFile; fileRef = AB201D7B1F6A57960088914B /* LJBaseViewModel+LJInitializeViewModel.m */; };
		AB201D861F6A57960088914B /* LJBaseViewModel.m in Sources */ = {isa = PBXBuildFile; fileRef = AB201D7D1F6A57960088914B /* LJBaseViewModel.m */; };
		AB201D871F6A57960088914B /* LJRouter.m in Sources */ = {isa = PBXBuildFile; fileRef = AB201D801F6A57960088914B /* LJRouter.m */; };
		ABA9AF491F677D2700BD1013 /* main.m in Sources */ = {isa = PBXBuildFile; fileRef = ABA9AF481F677D2700BD1013 /* main.m */; };
		ABA9AF4C1F677D2700BD1013 /* AppDelegate.m in Sources */ = {isa = PBXBuildFile; fileRef = ABA9AF4B1F677D2700BD1013 /* AppDelegate.m */; };
		ABA9AF521F677D2700BD1013 /* Main.storyboard in Resources */ = {isa = PBXBuildFile; fileRef = ABA9AF501F677D2700BD1013 /* Main.storyboard */; };
		ABA9AF541F677D2700BD1013 /* Assets.xcassets in Resources */ = {isa = PBXBuildFile; fileRef = ABA9AF531F677D2700BD1013 /* Assets.xcassets */; };
		ABA9AF571F677D2700BD1013 /* LaunchScreen.storyboard in Resources */ = {isa = PBXBuildFile; fileRef = ABA9AF551F677D2700BD1013 /* LaunchScreen.storyboard */; };
		ABA9AF621F677D2700BD1013 /* LJMVVMToolDemoTests.m in Sources */ = {isa = PBXBuildFile; fileRef = ABA9AF611F677D2700BD1013 /* LJMVVMToolDemoTests.m */; };
		ABA9AF6D1F677D2700BD1013 /* LJMVVMToolDemoUITests.m in Sources */ = {isa = PBXBuildFile; fileRef = ABA9AF6C1F677D2700BD1013 /* LJMVVMToolDemoUITests.m */; };
		ABE0858F1F6782E3008EC8F0 /* LoginViewController.m in Sources */ = {isa = PBXBuildFile; fileRef = ABE085851F6782E3008EC8F0 /* LoginViewController.m */; };
		ABE085901F6782E3008EC8F0 /* LoginModel.m in Sources */ = {isa = PBXBuildFile; fileRef = ABE085881F6782E3008EC8F0 /* LoginModel.m */; };
		ABE085911F6782E3008EC8F0 /* LoginView.m in Sources */ = {isa = PBXBuildFile; fileRef = ABE0858B1F6782E3008EC8F0 /* LoginView.m */; };
		ABE085921F6782E3008EC8F0 /* LoginViewModel.m in Sources */ = {isa = PBXBuildFile; fileRef = ABE0858E1F6782E3008EC8F0 /* LoginViewModel.m */; };
		ABE085961F67832A008EC8F0 /* NextViewController.m in Sources */ = {isa = PBXBuildFile; fileRef = ABE085951F67832A008EC8F0 /* NextViewController.m */; };
		ABE085991F678337008EC8F0 /* NextViewModel.m in Sources */ = {isa = PBXBuildFile; fileRef = ABE085981F678337008EC8F0 /* NextViewModel.m */; };
		ABE085A01F678A32008EC8F0 /* AppDelegate+DemoRouter.m in Sources */ = {isa = PBXBuildFile; fileRef = ABE0859F1F678A32008EC8F0 /* AppDelegate+DemoRouter.m */; };
		E584B414FF7507838C591A3B /* libPods-LJMVVMToolDemoTests.a in Frameworks */ = {isa = PBXBuildFile; fileRef = 909CC04FBFF5450CF4B2FE2F /* libPods-LJMVVMToolDemoTests.a */; };
		F8E168DC7443C98F11E07BC9 /* libPods-LJMVVMToolDemoUITests.a in Frameworks */ = {isa = PBXBuildFile; fileRef = D14D7864680BDA726BD7B92D /* libPods-LJMVVMToolDemoUITests.a */; };
/* End PBXBuildFile section */

/* Begin PBXContainerItemProxy section */
		ABA9AF5E1F677D2700BD1013 /* PBXContainerItemProxy */ = {
			isa = PBXContainerItemProxy;
			containerPortal = ABA9AF3C1F677D2700BD1013 /* Project object */;
			proxyType = 1;
			remoteGlobalIDString = ABA9AF431F677D2700BD1013;
			remoteInfo = LJMVVMToolDemo;
		};
		ABA9AF691F677D2700BD1013 /* PBXContainerItemProxy */ = {
			isa = PBXContainerItemProxy;
			containerPortal = ABA9AF3C1F677D2700BD1013 /* Project object */;
			proxyType = 1;
			remoteGlobalIDString = ABA9AF431F677D2700BD1013;
			remoteInfo = LJMVVMToolDemo;
		};
/* End PBXContainerItemProxy section */

/* Begin PBXFileReference section */
		2EC1EB3245CEED150EC8EBDB /* Pods-LJMVVMToolDemoUITests.release.xcconfig */ = {isa = PBXFileReference; includeInIndex = 1; lastKnownFileType = text.xcconfig; name = "Pods-LJMVVMToolDemoUITests.release.xcconfig"; path = "Pods/Target Support Files/Pods-LJMVVMToolDemoUITests/Pods-LJMVVMToolDemoUITests.release.xcconfig"; sourceTree = "<group>"; };
		468741CE7C46F9C5E247471C /* Pods-LJMVVMToolDemoTests.release.xcconfig */ = {isa = PBXFileReference; includeInIndex = 1; lastKnownFileType = text.xcconfig; name = "Pods-LJMVVMToolDemoTests.release.xcconfig"; path = "Pods/Target Support Files/Pods-LJMVVMToolDemoTests/Pods-LJMVVMToolDemoTests.release.xcconfig"; sourceTree = "<group>"; };
		53B9998CB7798AE61E9D80A1 /* Pods-LJMVVMToolDemoTests.debug.xcconfig */ = {isa = PBXFileReference; includeInIndex = 1; lastKnownFileType = text.xcconfig; name = "Pods-LJMVVMToolDemoTests.debug.xcconfig"; path = "Pods/Target Support Files/Pods-LJMVVMToolDemoTests/Pods-LJMVVMToolDemoTests.debug.xcconfig"; sourceTree = "<group>"; };
		622D5D03FDF384264BD5BB75 /* libPods-LJMVVMToolDemo.a */ = {isa = PBXFileReference; explicitFileType = archive.ar; includeInIndex = 0; path = "libPods-LJMVVMToolDemo.a"; sourceTree = BUILT_PRODUCTS_DIR; };
		66E8D7502FD317B8EB921C8A /* Pods-LJMVVMToolDemo.debug.xcconfig */ = {isa = PBXFileReference; includeInIndex = 1; lastKnownFileType = text.xcconfig; name = "Pods-LJMVVMToolDemo.debug.xcconfig"; path = "Pods/Target Support Files/Pods-LJMVVMToolDemo/Pods-LJMVVMToolDemo.debug.xcconfig"; sourceTree = "<group>"; };
		909CC04FBFF5450CF4B2FE2F /* libPods-LJMVVMToolDemoTests.a */ = {isa = PBXFileReference; explicitFileType = archive.ar; includeInIndex = 0; path = "libPods-LJMVVMToolDemoTests.a"; sourceTree = BUILT_PRODUCTS_DIR; };
		AB201D731F6A57960088914B /* LJBaseNavigationProtocol.h */ = {isa = PBXFileReference; fileEncoding = 4; lastKnownFileType = sourcecode.c.h; path = LJBaseNavigationProtocol.h; sourceTree = "<group>"; };
		AB201D741F6A57960088914B /* LJBaseNavigationService.h */ = {isa = PBXFileReference; fileEncoding = 4; lastKnownFileType = sourcecode.c.h; path = LJBaseNavigationService.h; sourceTree = "<group>"; };
		AB201D751F6A57960088914B /* LJBaseNavigationService.m */ = {isa = PBXFileReference; fileEncoding = 4; lastKnownFileType = sourcecode.c.objc; path = LJBaseNavigationService.m; sourceTree = "<group>"; };
		AB201D761F6A57960088914B /* LJBaseViewController+LJMethod.h */ = {isa = PBXFileReference; fileEncoding = 4; lastKnownFileType = sourcecode.c.h; path = "LJBaseViewController+LJMethod.h"; sourceTree = "<group>"; };
		AB201D771F6A57960088914B /* LJBaseViewController+LJMethod.m */ = {isa = PBXFileReference; fileEncoding = 4; lastKnownFileType = sourcecode.c.objc; path = "LJBaseViewController+LJMethod.m"; sourceTree = "<group>"; };
		AB201D781F6A57960088914B /* LJBaseViewController.h */ = {isa = PBXFileReference; fileEncoding = 4; lastKnownFileType = sourcecode.c.h; path = LJBaseViewController.h; sourceTree = "<group>"; };
		AB201D791F6A57960088914B /* LJBaseViewController.m */ = {isa = PBXFileReference; fileEncoding = 4; lastKnownFileType = sourcecode.c.objc; path = LJBaseViewController.m; sourceTree = "<group>"; };
		AB201D7A1F6A57960088914B /* LJBaseViewModel+LJInitializeViewModel.h */ = {isa = PBXFileReference; fileEncoding = 4; lastKnownFileType = sourcecode.c.h; path = "LJBaseViewModel+LJInitializeViewModel.h"; sourceTree = "<group>"; };
		AB201D7B1F6A57960088914B /* LJBaseViewModel+LJInitializeViewModel.m */ = {isa = PBXFileReference; fileEncoding = 4; lastKnownFileType = sourcecode.c.objc; path = "LJBaseViewModel+LJInitializeViewModel.m"; sourceTree = "<group>"; };
		AB201D7C1F6A57960088914B /* LJBaseViewModel.h */ = {isa = PBXFileReference; fileEncoding = 4; lastKnownFileType = sourcecode.c.h; path = LJBaseViewModel.h; sourceTree = "<group>"; };
		AB201D7D1F6A57960088914B /* LJBaseViewModel.m */ = {isa = PBXFileReference; fileEncoding = 4; lastKnownFileType = sourcecode.c.objc; path = LJBaseViewModel.m; sourceTree = "<group>"; };
		AB201D7E1F6A57960088914B /* LJBaseViewModelServices.h */ = {isa = PBXFileReference; fileEncoding = 4; lastKnownFileType = sourcecode.c.h; path = LJBaseViewModelServices.h; sourceTree = "<group>"; };
		AB201D7F1F6A57960088914B /* LJRouter.h */ = {isa = PBXFileReference; fileEncoding = 4; lastKnownFileType = sourcecode.c.h; path = LJRouter.h; sourceTree = "<group>"; };
		AB201D801F6A57960088914B /* LJRouter.m */ = {isa = PBXFileReference; fileEncoding = 4; lastKnownFileType = sourcecode.c.objc; path = LJRouter.m; sourceTree = "<group>"; };
		AB201D811F6A57960088914B /* LJMVVMTool.h */ = {isa = PBXFileReference; fileEncoding = 4; lastKnownFileType = sourcecode.c.h; path = LJMVVMTool.h; sourceTree = "<group>"; };
		ABA9AF441F677D2700BD1013 /* LJMVVMToolDemo.app */ = {isa = PBXFileReference; explicitFileType = wrapper.application; includeInIndex = 0; path = LJMVVMToolDemo.app; sourceTree = BUILT_PRODUCTS_DIR; };
		ABA9AF481F677D2700BD1013 /* main.m */ = {isa = PBXFileReference; lastKnownFileType = sourcecode.c.objc; path = main.m; sourceTree = "<group>"; };
		ABA9AF4A1F677D2700BD1013 /* AppDelegate.h */ = {isa = PBXFileReference; lastKnownFileType = sourcecode.c.h; path = AppDelegate.h; sourceTree = "<group>"; };
		ABA9AF4B1F677D2700BD1013 /* AppDelegate.m */ = {isa = PBXFileReference; lastKnownFileType = sourcecode.c.objc; path = AppDelegate.m; sourceTree = "<group>"; };
		ABA9AF511F677D2700BD1013 /* Base */ = {isa = PBXFileReference; lastKnownFileType = file.storyboard; name = Base; path = Base.lproj/Main.storyboard; sourceTree = "<group>"; };
		ABA9AF531F677D2700BD1013 /* Assets.xcassets */ = {isa = PBXFileReference; lastKnownFileType = folder.assetcatalog; path = Assets.xcassets; sourceTree = "<group>"; };
		ABA9AF561F677D2700BD1013 /* Base */ = {isa = PBXFileReference; lastKnownFileType = file.storyboard; name = Base; path = Base.lproj/LaunchScreen.storyboard; sourceTree = "<group>"; };
		ABA9AF581F677D2700BD1013 /* Info.plist */ = {isa = PBXFileReference; lastKnownFileType = text.plist.xml; path = Info.plist; sourceTree = "<group>"; };
		ABA9AF5D1F677D2700BD1013 /* LJMVVMToolDemoTests.xctest */ = {isa = PBXFileReference; explicitFileType = wrapper.cfbundle; includeInIndex = 0; path = LJMVVMToolDemoTests.xctest; sourceTree = BUILT_PRODUCTS_DIR; };
		ABA9AF611F677D2700BD1013 /* LJMVVMToolDemoTests.m */ = {isa = PBXFileReference; lastKnownFileType = sourcecode.c.objc; path = LJMVVMToolDemoTests.m; sourceTree = "<group>"; };
		ABA9AF631F677D2700BD1013 /* Info.plist */ = {isa = PBXFileReference; lastKnownFileType = text.plist.xml; path = Info.plist; sourceTree = "<group>"; };
		ABA9AF681F677D2700BD1013 /* LJMVVMToolDemoUITests.xctest */ = {isa = PBXFileReference; explicitFileType = wrapper.cfbundle; includeInIndex = 0; path = LJMVVMToolDemoUITests.xctest; sourceTree = BUILT_PRODUCTS_DIR; };
		ABA9AF6C1F677D2700BD1013 /* LJMVVMToolDemoUITests.m */ = {isa = PBXFileReference; lastKnownFileType = sourcecode.c.objc; path = LJMVVMToolDemoUITests.m; sourceTree = "<group>"; };
		ABA9AF6E1F677D2700BD1013 /* Info.plist */ = {isa = PBXFileReference; lastKnownFileType = text.plist.xml; path = Info.plist; sourceTree = "<group>"; };
		ABE085841F6782E3008EC8F0 /* LoginViewController.h */ = {isa = PBXFileReference; fileEncoding = 4; lastKnownFileType = sourcecode.c.h; path = LoginViewController.h; sourceTree = "<group>"; };
		ABE085851F6782E3008EC8F0 /* LoginViewController.m */ = {isa = PBXFileReference; fileEncoding = 4; lastKnownFileType = sourcecode.c.objc; path = LoginViewController.m; sourceTree = "<group>"; };
		ABE085871F6782E3008EC8F0 /* LoginModel.h */ = {isa = PBXFileReference; fileEncoding = 4; lastKnownFileType = sourcecode.c.h; path = LoginModel.h; sourceTree = "<group>"; };
		ABE085881F6782E3008EC8F0 /* LoginModel.m */ = {isa = PBXFileReference; fileEncoding = 4; lastKnownFileType = sourcecode.c.objc; path = LoginModel.m; sourceTree = "<group>"; };
		ABE0858A1F6782E3008EC8F0 /* LoginView.h */ = {isa = PBXFileReference; fileEncoding = 4; lastKnownFileType = sourcecode.c.h; path = LoginView.h; sourceTree = "<group>"; };
		ABE0858B1F6782E3008EC8F0 /* LoginView.m */ = {isa = PBXFileReference; fileEncoding = 4; lastKnownFileType = sourcecode.c.objc; path = LoginView.m; sourceTree = "<group>"; };
		ABE0858D1F6782E3008EC8F0 /* LoginViewModel.h */ = {isa = PBXFileReference; fileEncoding = 4; lastKnownFileType = sourcecode.c.h; path = LoginViewModel.h; sourceTree = "<group>"; };
		ABE0858E1F6782E3008EC8F0 /* LoginViewModel.m */ = {isa = PBXFileReference; fileEncoding = 4; lastKnownFileType = sourcecode.c.objc; path = LoginViewModel.m; sourceTree = "<group>"; };
		ABE085941F67832A008EC8F0 /* NextViewController.h */ = {isa = PBXFileReference; fileEncoding = 4; lastKnownFileType = sourcecode.c.h; path = NextViewController.h; sourceTree = "<group>"; };
		ABE085951F67832A008EC8F0 /* NextViewController.m */ = {isa = PBXFileReference; fileEncoding = 4; lastKnownFileType = sourcecode.c.objc; path = NextViewController.m; sourceTree = "<group>"; };
		ABE085971F678337008EC8F0 /* NextViewModel.h */ = {isa = PBXFileReference; fileEncoding = 4; lastKnownFileType = sourcecode.c.h; path = NextViewModel.h; sourceTree = "<group>"; };
		ABE085981F678337008EC8F0 /* NextViewModel.m */ = {isa = PBXFileReference; fileEncoding = 4; lastKnownFileType = sourcecode.c.objc; path = NextViewModel.m; sourceTree = "<group>"; };
		ABE0859E1F678A32008EC8F0 /* AppDelegate+DemoRouter.h */ = {isa = PBXFileReference; fileEncoding = 4; lastKnownFileType = sourcecode.c.h; path = "AppDelegate+DemoRouter.h"; sourceTree = "<group>"; };
		ABE0859F1F678A32008EC8F0 /* AppDelegate+DemoRouter.m */ = {isa = PBXFileReference; fileEncoding = 4; lastKnownFileType = sourcecode.c.objc; path = "AppDelegate+DemoRouter.m"; sourceTree = "<group>"; };
		D14D7864680BDA726BD7B92D /* libPods-LJMVVMToolDemoUITests.a */ = {isa = PBXFileReference; explicitFileType = archive.ar; includeInIndex = 0; path = "libPods-LJMVVMToolDemoUITests.a"; sourceTree = BUILT_PRODUCTS_DIR; };
		D48AF7C265309ABCA7CC5774 /* Pods-LJMVVMToolDemo.release.xcconfig */ = {isa = PBXFileReference; includeInIndex = 1; lastKnownFileType = text.xcconfig; name = "Pods-LJMVVMToolDemo.release.xcconfig"; path = "Pods/Target Support Files/Pods-LJMVVMToolDemo/Pods-LJMVVMToolDemo.release.xcconfig"; sourceTree = "<group>"; };
		F34D3C92B3F4BDED01ADDCEF /* Pods-LJMVVMToolDemoUITests.debug.xcconfig */ = {isa = PBXFileReference; includeInIndex = 1; lastKnownFileType = text.xcconfig; name = "Pods-LJMVVMToolDemoUITests.debug.xcconfig"; path = "Pods/Target Support Files/Pods-LJMVVMToolDemoUITests/Pods-LJMVVMToolDemoUITests.debug.xcconfig"; sourceTree = "<group>"; };
/* End PBXFileReference section */

/* Begin PBXFrameworksBuildPhase section */
		ABA9AF411F677D2700BD1013 /* Frameworks */ = {
			isa = PBXFrameworksBuildPhase;
			buildActionMask = 2147483647;
			files = (
				5FD3FE17D6246BA756171195 /* libPods-LJMVVMToolDemo.a in Frameworks */,
			);
			runOnlyForDeploymentPostprocessing = 0;
		};
		ABA9AF5A1F677D2700BD1013 /* Frameworks */ = {
			isa = PBXFrameworksBuildPhase;
			buildActionMask = 2147483647;
			files = (
				E584B414FF7507838C591A3B /* libPods-LJMVVMToolDemoTests.a in Frameworks */,
			);
			runOnlyForDeploymentPostprocessing = 0;
		};
		ABA9AF651F677D2700BD1013 /* Frameworks */ = {
			isa = PBXFrameworksBuildPhase;
			buildActionMask = 2147483647;
			files = (
				F8E168DC7443C98F11E07BC9 /* libPods-LJMVVMToolDemoUITests.a in Frameworks */,
			);
			runOnlyForDeploymentPostprocessing = 0;
		};
/* End PBXFrameworksBuildPhase section */

/* Begin PBXGroup section */
		6380778821DCCC0DF23C3598 /* Frameworks */ = {
			isa = PBXGroup;
			children = (
				622D5D03FDF384264BD5BB75 /* libPods-LJMVVMToolDemo.a */,
				909CC04FBFF5450CF4B2FE2F /* libPods-LJMVVMToolDemoTests.a */,
				D14D7864680BDA726BD7B92D /* libPods-LJMVVMToolDemoUITests.a */,
			);
			name = Frameworks;
			sourceTree = "<group>";
		};
		AB201D711F6A57960088914B /* LJMVVMTool */ = {
			isa = PBXGroup;
			children = (
				AB201D721F6A57960088914B /* LJMVVMTool */,
				AB201D811F6A57960088914B /* LJMVVMTool.h */,
			);
			name = LJMVVMTool;
			path = ../../../LJMVVMTool;
			sourceTree = "<group>";
		};
		AB201D721F6A57960088914B /* LJMVVMTool */ = {
			isa = PBXGroup;
			children = (
				AB201D731F6A57960088914B /* LJBaseNavigationProtocol.h */,
				AB201D741F6A57960088914B /* LJBaseNavigationService.h */,
				AB201D751F6A57960088914B /* LJBaseNavigationService.m */,
				AB201D761F6A57960088914B /* LJBaseViewController+LJMethod.h */,
				AB201D771F6A57960088914B /* LJBaseViewController+LJMethod.m */,
				AB201D781F6A57960088914B /* LJBaseViewController.h */,
				AB201D791F6A57960088914B /* LJBaseViewController.m */,
				AB201D7A1F6A57960088914B /* LJBaseViewModel+LJInitializeViewModel.h */,
				AB201D7B1F6A57960088914B /* LJBaseViewModel+LJInitializeViewModel.m */,
				AB201D7C1F6A57960088914B /* LJBaseViewModel.h */,
				AB201D7D1F6A57960088914B /* LJBaseViewModel.m */,
				AB201D7E1F6A57960088914B /* LJBaseViewModelServices.h */,
				AB201D7F1F6A57960088914B /* LJRouter.h */,
				AB201D801F6A57960088914B /* LJRouter.m */,
			);
			path = LJMVVMTool;
			sourceTree = "<group>";
		};
		ABA9AF3B1F677D2700BD1013 = {
			isa = PBXGroup;
			children = (
				ABA9AF461F677D2700BD1013 /* LJMVVMToolDemo */,
				ABA9AF601F677D2700BD1013 /* LJMVVMToolDemoTests */,
				ABA9AF6B1F677D2700BD1013 /* LJMVVMToolDemoUITests */,
				ABA9AF451F677D2700BD1013 /* Products */,
				C6902C6D925BA2CDB5C87AB8 /* Pods */,
				6380778821DCCC0DF23C3598 /* Frameworks */,
			);
			sourceTree = "<group>";
		};
		ABA9AF451F677D2700BD1013 /* Products */ = {
			isa = PBXGroup;
			children = (
				ABA9AF441F677D2700BD1013 /* LJMVVMToolDemo.app */,
				ABA9AF5D1F677D2700BD1013 /* LJMVVMToolDemoTests.xctest */,
				ABA9AF681F677D2700BD1013 /* LJMVVMToolDemoUITests.xctest */,
			);
			name = Products;
			sourceTree = "<group>";
		};
		ABA9AF461F677D2700BD1013 /* LJMVVMToolDemo */ = {
			isa = PBXGroup;
			children = (
				AB201D711F6A57960088914B /* LJMVVMTool */,
				ABA9AF8F1F677D7100BD1013 /* Demo */,
				ABA9AF4A1F677D2700BD1013 /* AppDelegate.h */,
				ABA9AF4B1F677D2700BD1013 /* AppDelegate.m */,
				ABA9AF501F677D2700BD1013 /* Main.storyboard */,
				ABA9AF531F677D2700BD1013 /* Assets.xcassets */,
				ABA9AF551F677D2700BD1013 /* LaunchScreen.storyboard */,
				ABA9AF581F677D2700BD1013 /* Info.plist */,
				ABA9AF471F677D2700BD1013 /* Supporting Files */,
			);
			path = LJMVVMToolDemo;
			sourceTree = "<group>";
		};
		ABA9AF471F677D2700BD1013 /* Supporting Files */ = {
			isa = PBXGroup;
			children = (
				ABA9AF481F677D2700BD1013 /* main.m */,
			);
			name = "Supporting Files";
			sourceTree = "<group>";
		};
		ABA9AF601F677D2700BD1013 /* LJMVVMToolDemoTests */ = {
			isa = PBXGroup;
			children = (
				ABA9AF611F677D2700BD1013 /* LJMVVMToolDemoTests.m */,
				ABA9AF631F677D2700BD1013 /* Info.plist */,
			);
			path = LJMVVMToolDemoTests;
			sourceTree = "<group>";
		};
		ABA9AF6B1F677D2700BD1013 /* LJMVVMToolDemoUITests */ = {
			isa = PBXGroup;
			children = (
				ABA9AF6C1F677D2700BD1013 /* LJMVVMToolDemoUITests.m */,
				ABA9AF6E1F677D2700BD1013 /* Info.plist */,
			);
			path = LJMVVMToolDemoUITests;
			sourceTree = "<group>";
		};
		ABA9AF8F1F677D7100BD1013 /* Demo */ = {
			isa = PBXGroup;
			children = (
				ABE0859A1F67839F008EC8F0 /* Core */,
				ABE085931F67831B008EC8F0 /* Next */,
				ABE085821F6782E3008EC8F0 /* Login */,
			);
			path = Demo;
			sourceTree = "<group>";
		};
		ABE085821F6782E3008EC8F0 /* Login */ = {
			isa = PBXGroup;
			children = (
				ABE085831F6782E3008EC8F0 /* Controller */,
				ABE085861F6782E3008EC8F0 /* Model */,
				ABE085891F6782E3008EC8F0 /* View */,
				ABE0858C1F6782E3008EC8F0 /* ViewModel */,
			);
			path = Login;
			sourceTree = "<group>";
		};
		ABE085831F6782E3008EC8F0 /* Controller */ = {
			isa = PBXGroup;
			children = (
				ABE085841F6782E3008EC8F0 /* LoginViewController.h */,
				ABE085851F6782E3008EC8F0 /* LoginViewController.m */,
			);
			path = Controller;
			sourceTree = "<group>";
		};
		ABE085861F6782E3008EC8F0 /* Model */ = {
			isa = PBXGroup;
			children = (
				ABE085871F6782E3008EC8F0 /* LoginModel.h */,
				ABE085881F6782E3008EC8F0 /* LoginModel.m */,
			);
			path = Model;
			sourceTree = "<group>";
		};
		ABE085891F6782E3008EC8F0 /* View */ = {
			isa = PBXGroup;
			children = (
				ABE0858A1F6782E3008EC8F0 /* LoginView.h */,
				ABE0858B1F6782E3008EC8F0 /* LoginView.m */,
			);
			path = View;
			sourceTree = "<group>";
		};
		ABE0858C1F6782E3008EC8F0 /* ViewModel */ = {
			isa = PBXGroup;
			children = (
				ABE0858D1F6782E3008EC8F0 /* LoginViewModel.h */,
				ABE0858E1F6782E3008EC8F0 /* LoginViewModel.m */,
			);
			path = ViewModel;
			sourceTree = "<group>";
		};
		ABE085931F67831B008EC8F0 /* Next */ = {
			isa = PBXGroup;
			children = (
				ABE085941F67832A008EC8F0 /* NextViewController.h */,
				ABE085951F67832A008EC8F0 /* NextViewController.m */,
				ABE085971F678337008EC8F0 /* NextViewModel.h */,
				ABE085981F678337008EC8F0 /* NextViewModel.m */,
			);
			path = Next;
			sourceTree = "<group>";
		};
		ABE0859A1F67839F008EC8F0 /* Core */ = {
			isa = PBXGroup;
			children = (
				ABE0859E1F678A32008EC8F0 /* AppDelegate+DemoRouter.h */,
				ABE0859F1F678A32008EC8F0 /* AppDelegate+DemoRouter.m */,
			);
			path = Core;
			sourceTree = "<group>";
		};
		C6902C6D925BA2CDB5C87AB8 /* Pods */ = {
			isa = PBXGroup;
			children = (
				66E8D7502FD317B8EB921C8A /* Pods-LJMVVMToolDemo.debug.xcconfig */,
				D48AF7C265309ABCA7CC5774 /* Pods-LJMVVMToolDemo.release.xcconfig */,
				53B9998CB7798AE61E9D80A1 /* Pods-LJMVVMToolDemoTests.debug.xcconfig */,
				468741CE7C46F9C5E247471C /* Pods-LJMVVMToolDemoTests.release.xcconfig */,
				F34D3C92B3F4BDED01ADDCEF /* Pods-LJMVVMToolDemoUITests.debug.xcconfig */,
				2EC1EB3245CEED150EC8EBDB /* Pods-LJMVVMToolDemoUITests.release.xcconfig */,
			);
			name = Pods;
			sourceTree = "<group>";
		};
/* End PBXGroup section */

/* Begin PBXNativeTarget section */
		ABA9AF431F677D2700BD1013 /* LJMVVMToolDemo */ = {
			isa = PBXNativeTarget;
			buildConfigurationList = ABA9AF711F677D2700BD1013 /* Build configuration list for PBXNativeTarget "LJMVVMToolDemo" */;
			buildPhases = (
				6F72B7374402F74E12458A63 /* [CP] Check Pods Manifest.lock */,
				ABA9AF401F677D2700BD1013 /* Sources */,
				ABA9AF411F677D2700BD1013 /* Frameworks */,
				ABA9AF421F677D2700BD1013 /* Resources */,
				EA4036DF9C9E0C027B3BFE89 /* [CP] Embed Pods Frameworks */,
				791292D95CD4B9C89370FA15 /* [CP] Copy Pods Resources */,
			);
			buildRules = (
			);
			dependencies = (
			);
			name = LJMVVMToolDemo;
			productName = LJMVVMToolDemo;
			productReference = ABA9AF441F677D2700BD1013 /* LJMVVMToolDemo.app */;
			productType = "com.apple.product-type.application";
		};
		ABA9AF5C1F677D2700BD1013 /* LJMVVMToolDemoTests */ = {
			isa = PBXNativeTarget;
			buildConfigurationList = ABA9AF741F677D2700BD1013 /* Build configuration list for PBXNativeTarget "LJMVVMToolDemoTests" */;
			buildPhases = (
				DFE3B6956960F40ACE877223 /* [CP] Check Pods Manifest.lock */,
				ABA9AF591F677D2700BD1013 /* Sources */,
				ABA9AF5A1F677D2700BD1013 /* Frameworks */,
				ABA9AF5B1F677D2700BD1013 /* Resources */,
				2A16B9B8F611417BD8AC398F /* [CP] Embed Pods Frameworks */,
				45FF1AD3448811AC3C129D0A /* [CP] Copy Pods Resources */,
			);
			buildRules = (
			);
			dependencies = (
				ABA9AF5F1F677D2700BD1013 /* PBXTargetDependency */,
			);
			name = LJMVVMToolDemoTests;
			productName = LJMVVMToolDemoTests;
			productReference = ABA9AF5D1F677D2700BD1013 /* LJMVVMToolDemoTests.xctest */;
			productType = "com.apple.product-type.bundle.unit-test";
		};
		ABA9AF671F677D2700BD1013 /* LJMVVMToolDemoUITests */ = {
			isa = PBXNativeTarget;
			buildConfigurationList = ABA9AF771F677D2700BD1013 /* Build configuration list for PBXNativeTarget "LJMVVMToolDemoUITests" */;
			buildPhases = (
				D5643BCEABD8FA2F3E124B55 /* [CP] Check Pods Manifest.lock */,
				ABA9AF641F677D2700BD1013 /* Sources */,
				ABA9AF651F677D2700BD1013 /* Frameworks */,
				ABA9AF661F677D2700BD1013 /* Resources */,
				7D3204FE1C7184E3101D12EF /* [CP] Embed Pods Frameworks */,
				1E1BABA893693B6ACC8E2763 /* [CP] Copy Pods Resources */,
			);
			buildRules = (
			);
			dependencies = (
				ABA9AF6A1F677D2700BD1013 /* PBXTargetDependency */,
			);
			name = LJMVVMToolDemoUITests;
			productName = LJMVVMToolDemoUITests;
			productReference = ABA9AF681F677D2700BD1013 /* LJMVVMToolDemoUITests.xctest */;
			productType = "com.apple.product-type.bundle.ui-testing";
		};
/* End PBXNativeTarget section */

/* Begin PBXProject section */
		ABA9AF3C1F677D2700BD1013 /* Project object */ = {
			isa = PBXProject;
			attributes = {
				LastUpgradeCheck = 0830;
				ORGANIZATIONNAME = "宋立军";
				TargetAttributes = {
					ABA9AF431F677D2700BD1013 = {
						CreatedOnToolsVersion = 8.3.3;
						ProvisioningStyle = Automatic;
					};
					ABA9AF5C1F677D2700BD1013 = {
						CreatedOnToolsVersion = 8.3.3;
						ProvisioningStyle = Automatic;
						TestTargetID = ABA9AF431F677D2700BD1013;
					};
					ABA9AF671F677D2700BD1013 = {
						CreatedOnToolsVersion = 8.3.3;
						ProvisioningStyle = Automatic;
						TestTargetID = ABA9AF431F677D2700BD1013;
					};
				};
			};
			buildConfigurationList = ABA9AF3F1F677D2700BD1013 /* Build configuration list for PBXProject "LJMVVMToolDemo" */;
			compatibilityVersion = "Xcode 3.2";
			developmentRegion = English;
			hasScannedForEncodings = 0;
			knownRegions = (
				en,
				Base,
			);
			mainGroup = ABA9AF3B1F677D2700BD1013;
			productRefGroup = ABA9AF451F677D2700BD1013 /* Products */;
			projectDirPath = "";
			projectRoot = "";
			targets = (
				ABA9AF431F677D2700BD1013 /* LJMVVMToolDemo */,
				ABA9AF5C1F677D2700BD1013 /* LJMVVMToolDemoTests */,
				ABA9AF671F677D2700BD1013 /* LJMVVMToolDemoUITests */,
			);
		};
/* End PBXProject section */

/* Begin PBXResourcesBuildPhase section */
		ABA9AF421F677D2700BD1013 /* Resources */ = {
			isa = PBXResourcesBuildPhase;
			buildActionMask = 2147483647;
			files = (
				ABA9AF571F677D2700BD1013 /* LaunchScreen.storyboard in Resources */,
				ABA9AF541F677D2700BD1013 /* Assets.xcassets in Resources */,
				ABA9AF521F677D2700BD1013 /* Main.storyboard in Resources */,
			);
			runOnlyForDeploymentPostprocessing = 0;
		};
		ABA9AF5B1F677D2700BD1013 /* Resources */ = {
			isa = PBXResourcesBuildPhase;
			buildActionMask = 2147483647;
			files = (
			);
			runOnlyForDeploymentPostprocessing = 0;
		};
		ABA9AF661F677D2700BD1013 /* Resources */ = {
			isa = PBXResourcesBuildPhase;
			buildActionMask = 2147483647;
			files = (
			);
			runOnlyForDeploymentPostprocessing = 0;
		};
/* End PBXResourcesBuildPhase section */

/* Begin PBXShellScriptBuildPhase section */
		1E1BABA893693B6ACC8E2763 /* [CP] Copy Pods Resources */ = {
			isa = PBXShellScriptBuildPhase;
			buildActionMask = 2147483647;
			files = (
			);
			inputPaths = (
			);
			name = "[CP] Copy Pods Resources";
			outputPaths = (
			);
			runOnlyForDeploymentPostprocessing = 0;
			shellPath = /bin/sh;
			shellScript = "\"${SRCROOT}/Pods/Target Support Files/Pods-LJMVVMToolDemoUITests/Pods-LJMVVMToolDemoUITests-resources.sh\"\n";
			showEnvVarsInLog = 0;
		};
		2A16B9B8F611417BD8AC398F /* [CP] Embed Pods Frameworks */ = {
			isa = PBXShellScriptBuildPhase;
			buildActionMask = 2147483647;
			files = (
			);
			inputPaths = (
			);
			name = "[CP] Embed Pods Frameworks";
			outputPaths = (
			);
			runOnlyForDeploymentPostprocessing = 0;
			shellPath = /bin/sh;
			shellScript = "\"${SRCROOT}/Pods/Target Support Files/Pods-LJMVVMToolDemoTests/Pods-LJMVVMToolDemoTests-frameworks.sh\"\n";
			showEnvVarsInLog = 0;
		};
		45FF1AD3448811AC3C129D0A /* [CP] Copy Pods Resources */ = {
			isa = PBXShellScriptBuildPhase;
			buildActionMask = 2147483647;
			files = (
			);
			inputPaths = (
			);
			name = "[CP] Copy Pods Resources";
			outputPaths = (
			);
			runOnlyForDeploymentPostprocessing = 0;
			shellPath = /bin/sh;
			shellScript = "\"${SRCROOT}/Pods/Target Support Files/Pods-LJMVVMToolDemoTests/Pods-LJMVVMToolDemoTests-resources.sh\"\n";
			showEnvVarsInLog = 0;
		};
		6F72B7374402F74E12458A63 /* [CP] Check Pods Manifest.lock */ = {
			isa = PBXShellScriptBuildPhase;
			buildActionMask = 2147483647;
			files = (
			);
			inputPaths = (
				"${PODS_PODFILE_DIR_PATH}/Podfile.lock",
				"${PODS_ROOT}/Manifest.lock",
			);
			name = "[CP] Check Pods Manifest.lock";
			outputPaths = (
				"$(DERIVED_FILE_DIR)/Pods-LJMVVMToolDemo-checkManifestLockResult.txt",
			);
			runOnlyForDeploymentPostprocessing = 0;
			shellPath = /bin/sh;
			shellScript = "diff \"${PODS_PODFILE_DIR_PATH}/Podfile.lock\" \"${PODS_ROOT}/Manifest.lock\" > /dev/null\nif [ $? != 0 ] ; then\n    # print error to STDERR\n    echo \"error: The sandbox is not in sync with the Podfile.lock. Run 'pod install' or update your CocoaPods installation.\" >&2\n    exit 1\nfi\n# This output is used by Xcode 'outputs' to avoid re-running this script phase.\necho \"SUCCESS\" > \"${SCRIPT_OUTPUT_FILE_0}\"\n";
			showEnvVarsInLog = 0;
		};
		791292D95CD4B9C89370FA15 /* [CP] Copy Pods Resources */ = {
			isa = PBXShellScriptBuildPhase;
			buildActionMask = 2147483647;
			files = (
			);
			inputPaths = (
			);
			name = "[CP] Copy Pods Resources";
			outputPaths = (
			);
			runOnlyForDeploymentPostprocessing = 0;
			shellPath = /bin/sh;
			shellScript = "\"${SRCROOT}/Pods/Target Support Files/Pods-LJMVVMToolDemo/Pods-LJMVVMToolDemo-resources.sh\"\n";
			showEnvVarsInLog = 0;
		};
		7D3204FE1C7184E3101D12EF /* [CP] Embed Pods Frameworks */ = {
			isa = PBXShellScriptBuildPhase;
			buildActionMask = 2147483647;
			files = (
			);
			inputPaths = (
			);
			name = "[CP] Embed Pods Frameworks";
			outputPaths = (
			);
			runOnlyForDeploymentPostprocessing = 0;
			shellPath = /bin/sh;
			shellScript = "\"${SRCROOT}/Pods/Target Support Files/Pods-LJMVVMToolDemoUITests/Pods-LJMVVMToolDemoUITests-frameworks.sh\"\n";
			showEnvVarsInLog = 0;
		};
		D5643BCEABD8FA2F3E124B55 /* [CP] Check Pods Manifest.lock */ = {
			isa = PBXShellScriptBuildPhase;
			buildActionMask = 2147483647;
			files = (
			);
			inputPaths = (
				"${PODS_PODFILE_DIR_PATH}/Podfile.lock",
				"${PODS_ROOT}/Manifest.lock",
			);
			name = "[CP] Check Pods Manifest.lock";
			outputPaths = (
				"$(DERIVED_FILE_DIR)/Pods-LJMVVMToolDemoUITests-checkManifestLockResult.txt",
			);
			runOnlyForDeploymentPostprocessing = 0;
			shellPath = /bin/sh;
			shellScript = "diff \"${PODS_PODFILE_DIR_PATH}/Podfile.lock\" \"${PODS_ROOT}/Manifest.lock\" > /dev/null\nif [ $? != 0 ] ; then\n    # print error to STDERR\n    echo \"error: The sandbox is not in sync with the Podfile.lock. Run 'pod install' or update your CocoaPods installation.\" >&2\n    exit 1\nfi\n# This output is used by Xcode 'outputs' to avoid re-running this script phase.\necho \"SUCCESS\" > \"${SCRIPT_OUTPUT_FILE_0}\"\n";
			showEnvVarsInLog = 0;
		};
		DFE3B6956960F40ACE877223 /* [CP] Check Pods Manifest.lock */ = {
			isa = PBXShellScriptBuildPhase;
			buildActionMask = 2147483647;
			files = (
			);
			inputPaths = (
				"${PODS_PODFILE_DIR_PATH}/Podfile.lock",
				"${PODS_ROOT}/Manifest.lock",
			);
			name = "[CP] Check Pods Manifest.lock";
			outputPaths = (
				"$(DERIVED_FILE_DIR)/Pods-LJMVVMToolDemoTests-checkManifestLockResult.txt",
			);
			runOnlyForDeploymentPostprocessing = 0;
			shellPath = /bin/sh;
			shellScript = "diff \"${PODS_PODFILE_DIR_PATH}/Podfile.lock\" \"${PODS_ROOT}/Manifest.lock\" > /dev/null\nif [ $? != 0 ] ; then\n    # print error to STDERR\n    echo \"error: The sandbox is not in sync with the Podfile.lock. Run 'pod install' or update your CocoaPods installation.\" >&2\n    exit 1\nfi\n# This output is used by Xcode 'outputs' to avoid re-running this script phase.\necho \"SUCCESS\" > \"${SCRIPT_OUTPUT_FILE_0}\"\n";
			showEnvVarsInLog = 0;
		};
		EA4036DF9C9E0C027B3BFE89 /* [CP] Embed Pods Frameworks */ = {
			isa = PBXShellScriptBuildPhase;
			buildActionMask = 2147483647;
			files = (
			);
			inputPaths = (
			);
			name = "[CP] Embed Pods Frameworks";
			outputPaths = (
			);
			runOnlyForDeploymentPostprocessing = 0;
			shellPath = /bin/sh;
			shellScript = "\"${SRCROOT}/Pods/Target Support Files/Pods-LJMVVMToolDemo/Pods-LJMVVMToolDemo-frameworks.sh\"\n";
			showEnvVarsInLog = 0;
		};
/* End PBXShellScriptBuildPhase section */

/* Begin PBXSourcesBuildPhase section */
		ABA9AF401F677D2700BD1013 /* Sources */ = {
			isa = PBXSourcesBuildPhase;
			buildActionMask = 2147483647;
			files = (
				ABE085A01F678A32008EC8F0 /* AppDelegate+DemoRouter.m in Sources */,
				ABE085961F67832A008EC8F0 /* NextViewController.m in Sources */,
				AB201D831F6A57960088914B /* LJBaseViewController+LJMethod.m in Sources */,
				ABA9AF4C1F677D2700BD1013 /* AppDelegate.m in Sources */,
				ABE085911F6782E3008EC8F0 /* LoginView.m in Sources */,
				AB201D841F6A57960088914B /* LJBaseViewController.m in Sources */,
				ABE085991F678337008EC8F0 /* NextViewModel.m in Sources */,
				ABE0858F1F6782E3008EC8F0 /* LoginViewController.m in Sources */,
				AB201D871F6A57960088914B /* LJRouter.m in Sources */,
				AB201D821F6A57960088914B /* LJBaseNavigationService.m in Sources */,
				AB201D861F6A57960088914B /* LJBaseViewModel.m in Sources */,
				AB201D851F6A57960088914B /* LJBaseViewModel+LJInitializeViewModel.m in Sources */,
				ABE085921F6782E3008EC8F0 /* LoginViewModel.m in Sources */,
				ABA9AF491F677D2700BD1013 /* main.m in Sources */,
				ABE085901F6782E3008EC8F0 /* LoginModel.m in Sources */,
			);
			runOnlyForDeploymentPostprocessing = 0;
		};
		ABA9AF591F677D2700BD1013 /* Sources */ = {
			isa = PBXSourcesBuildPhase;
			buildActionMask = 2147483647;
			files = (
				ABA9AF621F677D2700BD1013 /* LJMVVMToolDemoTests.m in Sources */,
			);
			runOnlyForDeploymentPostprocessing = 0;
		};
		ABA9AF641F677D2700BD1013 /* Sources */ = {
			isa = PBXSourcesBuildPhase;
			buildActionMask = 2147483647;
			files = (
				ABA9AF6D1F677D2700BD1013 /* LJMVVMToolDemoUITests.m in Sources */,
			);
			runOnlyForDeploymentPostprocessing = 0;
		};
/* End PBXSourcesBuildPhase section */

/* Begin PBXTargetDependency section */
		ABA9AF5F1F677D2700BD1013 /* PBXTargetDependency */ = {
			isa = PBXTargetDependency;
			target = ABA9AF431F677D2700BD1013 /* LJMVVMToolDemo */;
			targetProxy = ABA9AF5E1F677D2700BD1013 /* PBXContainerItemProxy */;
		};
		ABA9AF6A1F677D2700BD1013 /* PBXTargetDependency */ = {
			isa = PBXTargetDependency;
			target = ABA9AF431F677D2700BD1013 /* LJMVVMToolDemo */;
			targetProxy = ABA9AF691F677D2700BD1013 /* PBXContainerItemProxy */;
		};
/* End PBXTargetDependency section */

/* Begin PBXVariantGroup section */
		ABA9AF501F677D2700BD1013 /* Main.storyboard */ = {
			isa = PBXVariantGroup;
			children = (
				ABA9AF511F677D2700BD1013 /* Base */,
			);
			name = Main.storyboard;
			sourceTree = "<group>";
		};
		ABA9AF551F677D2700BD1013 /* LaunchScreen.storyboard */ = {
			isa = PBXVariantGroup;
			children = (
				ABA9AF561F677D2700BD1013 /* Base */,
			);
			name = LaunchScreen.storyboard;
			sourceTree = "<group>";
		};
/* End PBXVariantGroup section */

/* Begin XCBuildConfiguration section */
		ABA9AF6F1F677D2700BD1013 /* Debug */ = {
			isa = XCBuildConfiguration;
			buildSettings = {
				ALWAYS_SEARCH_USER_PATHS = NO;
				CLANG_ANALYZER_NONNULL = YES;
				CLANG_ANALYZER_NUMBER_OBJECT_CONVERSION = YES_AGGRESSIVE;
				CLANG_CXX_LANGUAGE_STANDARD = "gnu++0x";
				CLANG_CXX_LIBRARY = "libc++";
				CLANG_ENABLE_MODULES = YES;
				CLANG_ENABLE_OBJC_ARC = YES;
				CLANG_WARN_BOOL_CONVERSION = YES;
				CLANG_WARN_CONSTANT_CONVERSION = YES;
				CLANG_WARN_DIRECT_OBJC_ISA_USAGE = YES_ERROR;
				CLANG_WARN_DOCUMENTATION_COMMENTS = YES;
				CLANG_WARN_EMPTY_BODY = YES;
				CLANG_WARN_ENUM_CONVERSION = YES;
				CLANG_WARN_INFINITE_RECURSION = YES;
				CLANG_WARN_INT_CONVERSION = YES;
				CLANG_WARN_OBJC_ROOT_CLASS = YES_ERROR;
				CLANG_WARN_SUSPICIOUS_MOVE = YES;
				CLANG_WARN_UNREACHABLE_CODE = YES;
				CLANG_WARN__DUPLICATE_METHOD_MATCH = YES;
				"CODE_SIGN_IDENTITY[sdk=iphoneos*]" = "iPhone Developer";
				COPY_PHASE_STRIP = NO;
				DEBUG_INFORMATION_FORMAT = dwarf;
				ENABLE_STRICT_OBJC_MSGSEND = YES;
				ENABLE_TESTABILITY = YES;
				GCC_C_LANGUAGE_STANDARD = gnu99;
				GCC_DYNAMIC_NO_PIC = NO;
				GCC_NO_COMMON_BLOCKS = YES;
				GCC_OPTIMIZATION_LEVEL = 0;
				GCC_PREPROCESSOR_DEFINITIONS = (
					"DEBUG=1",
					"$(inherited)",
				);
				GCC_WARN_64_TO_32_BIT_CONVERSION = YES;
				GCC_WARN_ABOUT_RETURN_TYPE = YES_ERROR;
				GCC_WARN_UNDECLARED_SELECTOR = YES;
				GCC_WARN_UNINITIALIZED_AUTOS = YES_AGGRESSIVE;
				GCC_WARN_UNUSED_FUNCTION = YES;
				GCC_WARN_UNUSED_VARIABLE = YES;
				IPHONEOS_DEPLOYMENT_TARGET = 10.3;
				MTL_ENABLE_DEBUG_INFO = YES;
				ONLY_ACTIVE_ARCH = YES;
				SDKROOT = iphoneos;
			};
			name = Debug;
		};
		ABA9AF701F677D2700BD1013 /* Release */ = {
			isa = XCBuildConfiguration;
			buildSettings = {
				ALWAYS_SEARCH_USER_PATHS = NO;
				CLANG_ANALYZER_NONNULL = YES;
				CLANG_ANALYZER_NUMBER_OBJECT_CONVERSION = YES_AGGRESSIVE;
				CLANG_CXX_LANGUAGE_STANDARD = "gnu++0x";
				CLANG_CXX_LIBRARY = "libc++";
				CLANG_ENABLE_MODULES = YES;
				CLANG_ENABLE_OBJC_ARC = YES;
				CLANG_WARN_BOOL_CONVERSION = YES;
				CLANG_WARN_CONSTANT_CONVERSION = YES;
				CLANG_WARN_DIRECT_OBJC_ISA_USAGE = YES_ERROR;
				CLANG_WARN_DOCUMENTATION_COMMENTS = YES;
				CLANG_WARN_EMPTY_BODY = YES;
				CLANG_WARN_ENUM_CONVERSION = YES;
				CLANG_WARN_INFINITE_RECURSION = YES;
				CLANG_WARN_INT_CONVERSION = YES;
				CLANG_WARN_OBJC_ROOT_CLASS = YES_ERROR;
				CLANG_WARN_SUSPICIOUS_MOVE = YES;
				CLANG_WARN_UNREACHABLE_CODE = YES;
				CLANG_WARN__DUPLICATE_METHOD_MATCH = YES;
				"CODE_SIGN_IDENTITY[sdk=iphoneos*]" = "iPhone Developer";
				COPY_PHASE_STRIP = NO;
				DEBUG_INFORMATION_FORMAT = "dwarf-with-dsym";
				ENABLE_NS_ASSERTIONS = NO;
				ENABLE_STRICT_OBJC_MSGSEND = YES;
				GCC_C_LANGUAGE_STANDARD = gnu99;
				GCC_NO_COMMON_BLOCKS = YES;
				GCC_WARN_64_TO_32_BIT_CONVERSION = YES;
				GCC_WARN_ABOUT_RETURN_TYPE = YES_ERROR;
				GCC_WARN_UNDECLARED_SELECTOR = YES;
				GCC_WARN_UNINITIALIZED_AUTOS = YES_AGGRESSIVE;
				GCC_WARN_UNUSED_FUNCTION = YES;
				GCC_WARN_UNUSED_VARIABLE = YES;
				IPHONEOS_DEPLOYMENT_TARGET = 10.3;
				MTL_ENABLE_DEBUG_INFO = NO;
				SDKROOT = iphoneos;
				VALIDATE_PRODUCT = YES;
			};
			name = Release;
		};
		ABA9AF721F677D2700BD1013 /* Debug */ = {
			isa = XCBuildConfiguration;
			baseConfigurationReference = 66E8D7502FD317B8EB921C8A /* Pods-LJMVVMToolDemo.debug.xcconfig */;
			buildSettings = {
				ASSETCATALOG_COMPILER_APPICON_NAME = AppIcon;
				INFOPLIST_FILE = LJMVVMToolDemo/Info.plist;
				IPHONEOS_DEPLOYMENT_TARGET = 9.0;
				LD_RUNPATH_SEARCH_PATHS = "$(inherited) @executable_path/Frameworks";
				PRODUCT_BUNDLE_IDENTIFIER = com.slj.LJMVVMToolDemo;
				PRODUCT_NAME = "$(TARGET_NAME)";
			};
			name = Debug;
		};
		ABA9AF731F677D2700BD1013 /* Release */ = {
			isa = XCBuildConfiguration;
			baseConfigurationReference = D48AF7C265309ABCA7CC5774 /* Pods-LJMVVMToolDemo.release.xcconfig */;
			buildSettings = {
				ASSETCATALOG_COMPILER_APPICON_NAME = AppIcon;
				INFOPLIST_FILE = LJMVVMToolDemo/Info.plist;
				IPHONEOS_DEPLOYMENT_TARGET = 9.0;
				LD_RUNPATH_SEARCH_PATHS = "$(inherited) @executable_path/Frameworks";
				PRODUCT_BUNDLE_IDENTIFIER = com.slj.LJMVVMToolDemo;
				PRODUCT_NAME = "$(TARGET_NAME)";
			};
			name = Release;
		};
		ABA9AF751F677D2700BD1013 /* Debug */ = {
			isa = XCBuildConfiguration;
			baseConfigurationReference = 53B9998CB7798AE61E9D80A1 /* Pods-LJMVVMToolDemoTests.debug.xcconfig */;
			buildSettings = {
				BUNDLE_LOADER = "$(TEST_HOST)";
				INFOPLIST_FILE = LJMVVMToolDemoTests/Info.plist;
				LD_RUNPATH_SEARCH_PATHS = "$(inherited) @executable_path/Frameworks @loader_path/Frameworks";
				PRODUCT_BUNDLE_IDENTIFIER = com.slj.LJMVVMToolDemoTests;
				PRODUCT_NAME = "$(TARGET_NAME)";
				TEST_HOST = "$(BUILT_PRODUCTS_DIR)/LJMVVMToolDemo.app/LJMVVMToolDemo";
			};
			name = Debug;
		};
		ABA9AF761F677D2700BD1013 /* Release */ = {
			isa = XCBuildConfiguration;
			baseConfigurationReference = 468741CE7C46F9C5E247471C /* Pods-LJMVVMToolDemoTests.release.xcconfig */;
			buildSettings = {
				BUNDLE_LOADER = "$(TEST_HOST)";
				INFOPLIST_FILE = LJMVVMToolDemoTests/Info.plist;
				LD_RUNPATH_SEARCH_PATHS = "$(inherited) @executable_path/Frameworks @loader_path/Frameworks";
				PRODUCT_BUNDLE_IDENTIFIER = com.slj.LJMVVMToolDemoTests;
				PRODUCT_NAME = "$(TARGET_NAME)";
				TEST_HOST = "$(BUILT_PRODUCTS_DIR)/LJMVVMToolDemo.app/LJMVVMToolDemo";
			};
			name = Release;
		};
		ABA9AF781F677D2700BD1013 /* Debug */ = {
			isa = XCBuildConfiguration;
			baseConfigurationReference = F34D3C92B3F4BDED01ADDCEF /* Pods-LJMVVMToolDemoUITests.debug.xcconfig */;
			buildSettings = {
				INFOPLIST_FILE = LJMVVMToolDemoUITests/Info.plist;
				LD_RUNPATH_SEARCH_PATHS = "$(inherited) @executable_path/Frameworks @loader_path/Frameworks";
				PRODUCT_BUNDLE_IDENTIFIER = com.slj.LJMVVMToolDemoUITests;
				PRODUCT_NAME = "$(TARGET_NAME)";
				TEST_TARGET_NAME = LJMVVMToolDemo;
			};
			name = Debug;
		};
		ABA9AF791F677D2700BD1013 /* Release */ = {
			isa = XCBuildConfiguration;
			baseConfigurationReference = 2EC1EB3245CEED150EC8EBDB /* Pods-LJMVVMToolDemoUITests.release.xcconfig */;
			buildSettings = {
				INFOPLIST_FILE = LJMVVMToolDemoUITests/Info.plist;
				LD_RUNPATH_SEARCH_PATHS = "$(inherited) @executable_path/Frameworks @loader_path/Frameworks";
				PRODUCT_BUNDLE_IDENTIFIER = com.slj.LJMVVMToolDemoUITests;
				PRODUCT_NAME = "$(TARGET_NAME)";
				TEST_TARGET_NAME = LJMVVMToolDemo;
			};
			name = Release;
		};
/* End XCBuildConfiguration section */

/* Begin XCConfigurationList section */
		ABA9AF3F1F677D2700BD1013 /* Build configuration list for PBXProject "LJMVVMToolDemo" */ = {
			isa = XCConfigurationList;
			buildConfigurations = (
				ABA9AF6F1F677D2700BD1013 /* Debug */,
				ABA9AF701F677D2700BD1013 /* Release */,
			);
			defaultConfigurationIsVisible = 0;
			defaultConfigurationName = Release;
		};
		ABA9AF711F677D2700BD1013 /* Build configuration list for PBXNativeTarget "LJMVVMToolDemo" */ = {
			isa = XCConfigurationList;
			buildConfigurations = (
				ABA9AF721F677D2700BD1013 /* Debug */,
				ABA9AF731F677D2700BD1013 /* Release */,
			);
			defaultConfigurationIsVisible = 0;
			defaultConfigurationName = Release;
		};
		ABA9AF741F677D2700BD1013 /* Build configuration list for PBXNativeTarget "LJMVVMToolDemoTests" */ = {
			isa = XCConfigurationList;
			buildConfigurations = (
				ABA9AF751F677D2700BD1013 /* Debug */,
				ABA9AF761F677D2700BD1013 /* Release */,
			);
			defaultConfigurationIsVisible = 0;
			defaultConfigurationName = Release;
		};
		ABA9AF771F677D2700BD1013 /* Build configuration list for PBXNativeTarget "LJMVVMToolDemoUITests" */ = {
			isa = XCConfigurationList;
			buildConfigurations = (
				ABA9AF781F677D2700BD1013 /* Debug */,
				ABA9AF791F677D2700BD1013 /* Release */,
			);
			defaultConfigurationIsVisible = 0;
			defaultConfigurationName = Release;
		};
/* End XCConfigurationList section */
	};
	rootObject = ABA9AF3C1F677D2700BD1013 /* Project object */;
}
